<?xml version="1.0" encoding="utf-8"?>
<Project ToolsVersion="4.0" xmlns="http://schemas.microsoft.com/developer/msbuild/2003">
  <ItemGroup>
    <Filter Include="Source Files">
      <UniqueIdentifier>{4FC737F1-C7A5-4376-A066-2A32D752A2FF}</UniqueIdentifier>
      <Extensions>cpp;c;cc;cxx;c++;cppm;ixx;def;odl;idl;hpj;bat;asm;asmx</Extensions>
    </Filter>
    <Filter Include="Header Files">
      <UniqueIdentifier>{93995380-89BD-4b04-88EB-625FBE52EBFB}</UniqueIdentifier>
      <Extensions>h;hh;hpp;hxx;h++;hm;inl;inc;ipp;xsd</Extensions>
    </Filter>
    <Filter Include="Resource Files">
      <UniqueIdentifier>{67DA6AB6-F800-4c08-8B7A-83BB121AAD01}</UniqueIdentifier>
      <Extensions>rc;ico;cur;bmp;dlg;rc2;rct;bin;rgs;gif;jpg;jpeg;jpe;resx;tiff;tif;png;wav;mfcribbon-ms</Extensions>
    </Filter>
    <Filter Include="Source Files\Felt">
      <UniqueIdentifier>{d440418b-2d89-42f0-9e6f-bfb339769b6d}</UniqueIdentifier>
    </Filter>
    <Filter Include="Source Files\Felt\Utility">
      <UniqueIdentifier>{9689dfd3-bfbd-4e3e-9254-3ba708951dd1}</UniqueIdentifier>
    </Filter>
    <Filter Include="Source Files\Felt\Parse">
      <UniqueIdentifier>{490b7345-054e-4af9-8a02-e431debdcffd}</UniqueIdentifier>
    </Filter>
    <Filter Include="Source Files\Felt\CodeUnit">
      <UniqueIdentifier>{0533fd57-b82a-421f-add4-25ef47dd4b0f}</UniqueIdentifier>
    </Filter>
    <Filter Include="Source Files\Felt\Objects">
      <UniqueIdentifier>{ff60f137-e016-4f92-b1be-a7c10ce05d83}</UniqueIdentifier>
    </Filter>
  </ItemGroup>
  <ItemGroup>
    <ClCompile Include="flt_testmain.c">
      <Filter>Source Files</Filter>
    </ClCompile>
    <ClCompile Include="flt_token.c">
      <Filter>Source Files\Felt\Parse</Filter>
    </ClCompile>
    <ClCompile Include="fltu_list.c">
      <Filter>Source Files\Felt\Utility</Filter>
    </ClCompile>
    <ClCompile Include="flt_parse.c">
      <Filter>Source Files\Felt\Parse</Filter>
    </ClCompile>
    <ClCompile Include="fltu_string.c">
      <Filter>Source Files\Felt\Utility</Filter>
    </ClCompile>
    <ClCompile Include="flt_lex.c">
      <Filter>Source Files\Felt\Parse</Filter>
    </ClCompile>
    <ClCompile Include="flt_code.c">
      <Filter>Source Files\Felt\CodeUnit</Filter>
    </ClCompile>
    <ClCompile Include="flt_function.c">
      <Filter>Source Files\Felt\CodeUnit</Filter>
    </ClCompile>
  </ItemGroup>
  <ItemGroup>
    <ClInclude Include="fltu_stdinc.h">
      <Filter>Source Files\Felt\Utility</Filter>
    </ClInclude>
    <ClInclude Include="flt_parse.h">
      <Filter>Source Files\Felt\Parse</Filter>
    </ClInclude>
    <ClInclude Include="fltu_list.h">
      <Filter>Source Files\Felt\Utility</Filter>
    </ClInclude>
    <ClInclude Include="fltu_memory.h">
      <Filter>Source Files\Felt\Utility</Filter>
    </ClInclude>
    <ClInclude Include="fltu_string.h">
      <Filter>Source Files\Felt\Utility</Filter>
    </ClInclude>
    <ClInclude Include="flt_expression.h">
      <Filter>Source Files\Felt\CodeUnit</Filter>
    </ClInclude>
    <ClInclude Include="flt_state.h">
      <Filter>Source Files\Felt\CodeUnit</Filter>
    </ClInclude>
    <ClInclude Include="flt_object.h">
      <Filter>Source Files\Felt\Objects</Filter>
    </ClInclude>
    <ClInclude Include="flt_code.h">
      <Filter>Source Files\Felt\CodeUnit</Filter>
    </ClInclude>
    <ClInclude Include="flt_function.h">
      <Filter>Source Files\Felt\CodeUnit</Filter>
    </ClInclude>
  </ItemGroup>
</Project>